{
    "name": "node-red-project",
    "version": "0.0.1",
    "lockfileVersion": 1,
    "requires": true,
    "dependencies": {
        "argparse": {
            "version": "1.0.10",
            "resolved": "https://registry.npmjs.org/argparse/-/argparse-1.0.10.tgz",
            "integrity": "sha512-o5Roy6tNG4SL/FOkCAN6RzjiakZS25RLYFrcMttJqbdd8BWrnA+fGz57iN5Pb06pvBGvl5gQ0B48dJlslXvoTg==",
            "requires": {
                "sprintf-js": "~1.0.2"
            }
        },
        "bson": {
            "version": "1.0.9",
            "resolved": "https://registry.npmjs.org/bson/-/bson-1.0.9.tgz",
            "integrity": "sha512-IQX9/h7WdMBIW/q/++tGd+emQr0XMdeZ6icnT/74Xk9fnabWn+gZgpE+9V+gujL3hhJOoNrnDVY7tWdzc7NUTg=="
        },
        "buffer-equal-constant-time": {
            "version": "1.0.1",
            "resolved": "https://registry.npmjs.org/buffer-equal-constant-time/-/buffer-equal-constant-time-1.0.1.tgz",
            "integrity": "sha1-+OcRMvf/5uAaXJaXpMbz5I1cyBk="
        },
        "buffer-shims": {
            "version": "1.0.0",
            "resolved": "https://registry.npmjs.org/buffer-shims/-/buffer-shims-1.0.0.tgz",
            "integrity": "sha1-mXjOMXOIxkmth5MCjDR37wRKi1E="
        },
        "cfenv": {
            "version": "1.2.2",
            "resolved": "https://registry.npmjs.org/cfenv/-/cfenv-1.2.2.tgz",
            "integrity": "sha512-fl8xrG9ezqfO7L664lL+/vkqXun0D/xS/0IJ9++IMHLR6SI0If56C/KIHy9oIGb8jq9swHZFdct1MfN/80yYUw==",
            "requires": {
                "js-yaml": "3.13.x",
                "ports": "1.1.x",
                "underscore": "1.9.x"
            }
        },
        "chance": {
            "version": "1.1.3",
            "resolved": "https://registry.npmjs.org/chance/-/chance-1.1.3.tgz",
            "integrity": "sha512-XeJsdoVAzDb1WRPRuMBesRSiWpW1uNTo5Fd7mYxPJsAfgX71+jfuCOHOdbyBz2uAUZ8TwKcXgWk3DMedFfJkbg=="
        },
        "client-sessions": {
            "version": "0.7.0",
            "resolved": "https://registry.npmjs.org/client-sessions/-/client-sessions-0.7.0.tgz",
            "integrity": "sha1-FyHn6N9t39UDafZvnbitoMxIAnA=",
            "requires": {
                "cookies": "0.5.0"
            }
        },
        "cookie": {
            "version": "0.3.1",
            "resolved": "https://registry.npmjs.org/cookie/-/cookie-0.3.1.tgz",
            "integrity": "sha1-5+Ch+e9DtMi6klxcWpboBtFoc7s="
        },
        "cookie-parser": {
            "version": "1.4.4",
            "resolved": "https://registry.npmjs.org/cookie-parser/-/cookie-parser-1.4.4.tgz",
            "integrity": "sha512-lo13tqF3JEtFO7FyA49CqbhaFkskRJ0u/UAiINgrIXeRCY41c88/zxtrECl8AKH3B0hj9q10+h3Kt8I7KlW4tw==",
            "requires": {
                "cookie": "0.3.1",
                "cookie-signature": "1.0.6"
            }
        },
        "cookie-signature": {
            "version": "1.0.6",
            "resolved": "https://registry.npmjs.org/cookie-signature/-/cookie-signature-1.0.6.tgz",
            "integrity": "sha1-4wOogrNCzD7oylE6eZmXNNqzriw="
        },
        "cookies": {
            "version": "0.5.0",
            "resolved": "https://registry.npmjs.org/cookies/-/cookies-0.5.0.tgz",
            "integrity": "sha1-FkysRqHTyjs7h0J0FMJJMdg4ECU=",
            "requires": {
                "keygrip": "~1.0.0"
            }
        },
        "core-util-is": {
            "version": "1.0.2",
            "resolved": "https://registry.npmjs.org/core-util-is/-/core-util-is-1.0.2.tgz",
            "integrity": "sha1-tf1UIgqivFq1eqtxQMlAdUUDwac="
        },
        "debug": {
            "version": "2.6.9",
            "resolved": "https://registry.npmjs.org/debug/-/debug-2.6.9.tgz",
            "integrity": "sha512-bC7ElrdJaJnPbAP+1EotYvqZsb3ecl5wi6Bfi6BJTUcNowp6cvspg0jXznRTKDjm/E7AdgFBVeAPVMNcKGsHMA==",
            "requires": {
                "ms": "2.0.0"
            }
        },
        "depd": {
            "version": "2.0.0",
            "resolved": "https://registry.npmjs.org/depd/-/depd-2.0.0.tgz",
            "integrity": "sha512-g7nH6P6dyDioJogAAGprGpCtVImJhpPk/roCzdb3fIh61/s/nPsfR6onyMwkCAR/OlC3yBC0lESvUoQEAssIrw=="
        },
        "ecdsa-sig-formatter": {
            "version": "1.0.11",
            "resolved": "https://registry.npmjs.org/ecdsa-sig-formatter/-/ecdsa-sig-formatter-1.0.11.tgz",
            "integrity": "sha512-nagl3RYrbNv6kQkeJIpt6NJZy8twLB/2vtz6yN9Z4vRKHN4/QZJIEbqohALSgwKdnksuY3k5Addp5lg8sVoVcQ==",
            "requires": {
                "safe-buffer": "^5.0.1"
            }
        },
        "es6-promise": {
            "version": "3.2.1",
            "resolved": "https://registry.npmjs.org/es6-promise/-/es6-promise-3.2.1.tgz",
            "integrity": "sha1-7FYjOGgDKQkgcXDDlEjiREndH8Q="
        },
        "esprima": {
            "version": "4.0.1",
            "resolved": "https://registry.npmjs.org/esprima/-/esprima-4.0.1.tgz",
            "integrity": "sha512-eGuFFw7Upda+g4p+QHvnW0RyTX/SVeJBDM/gCtMARO0cLuT2HcEKnTPvhjV6aGeqrCB/sbNop0Kszm0jsaWU4A=="
        },
        "express-session": {
            "version": "1.17.0",
            "resolved": "https://registry.npmjs.org/express-session/-/express-session-1.17.0.tgz",
            "integrity": "sha512-t4oX2z7uoSqATbMfsxWMbNjAL0T5zpvcJCk3Z9wnPPN7ibddhnmDZXHfEcoBMG2ojKXZoCyPMc5FbtK+G7SoDg==",
            "requires": {
                "cookie": "0.4.0",
                "cookie-signature": "1.0.6",
                "debug": "2.6.9",
                "depd": "~2.0.0",
                "on-headers": "~1.0.2",
                "parseurl": "~1.3.3",
                "safe-buffer": "5.2.0",
                "uid-safe": "~2.1.5"
            },
            "dependencies": {
                "cookie": {
                    "version": "0.4.0",
                    "resolved": "https://registry.npmjs.org/cookie/-/cookie-0.4.0.tgz",
                    "integrity": "sha512-+Hp8fLp57wnUSt0tY0tHEXh4voZRDnoIrZPqlo3DPiI4y9lwg/jqx+1Om94/W6ZaPDOUbnjOt/99w66zk+l1Xg=="
                },
                "safe-buffer": {
                    "version": "5.2.0",
                    "resolved": "https://registry.npmjs.org/safe-buffer/-/safe-buffer-5.2.0.tgz",
                    "integrity": "sha512-fZEwUGbVl7kouZs1jCdMLdt95hdIv0ZeHg6L7qPeciMZhZ+/gdesW4wgTARkrFWEpspjEATAzUGPG8N2jJiwbg=="
                }
            }
        },
        "hoek": {
            "version": "2.16.3",
            "resolved": "https://registry.npmjs.org/hoek/-/hoek-2.16.3.tgz",
            "integrity": "sha1-ILt0A9POo5jpHcRxCo/xuCdKJe0="
        },
        "inherits": {
            "version": "2.0.4",
            "resolved": "https://registry.npmjs.org/inherits/-/inherits-2.0.4.tgz",
            "integrity": "sha512-k/vGaX4/Yla3WzyMCvTQOXYeIHvqOKtnqBduzTHpzpQZzAskKMhZ2K+EnBiSM9zGSoIFeMpXKxa4dYeZIQqewQ=="
        },
        "isarray": {
            "version": "1.0.0",
            "resolved": "https://registry.npmjs.org/isarray/-/isarray-1.0.0.tgz",
            "integrity": "sha1-u5NdSFgsuhaMBoNJV6VKPgcSTxE="
        },
        "isemail": {
            "version": "1.2.0",
            "resolved": "https://registry.npmjs.org/isemail/-/isemail-1.2.0.tgz",
            "integrity": "sha1-vgPfjMPineTSxd9lASY/H6RZXpo="
        },
        "joi": {
            "version": "6.10.1",
            "resolved": "https://registry.npmjs.org/joi/-/joi-6.10.1.tgz",
            "integrity": "sha1-TVDDGAeRIgAP5fFq8f+OGRe3fgY=",
            "requires": {
                "hoek": "2.x.x",
                "isemail": "1.x.x",
                "moment": "2.x.x",
                "topo": "1.x.x"
            }
        },
        "js-yaml": {
            "version": "3.13.1",
            "resolved": "https://registry.npmjs.org/js-yaml/-/js-yaml-3.13.1.tgz",
            "integrity": "sha512-YfbcO7jXDdyj0DGxYVSlSeQNHbD7XPWvrVWeVUujrQEoZzWJIRrCPoyk6kL6IAjAG2IolMK4T0hNUe0HOUs5Jw==",
            "requires": {
                "argparse": "^1.0.7",
                "esprima": "^4.0.0"
            }
        },
        "jsonwebtoken": {
            "version": "6.2.0",
            "resolved": "https://registry.npmjs.org/jsonwebtoken/-/jsonwebtoken-6.2.0.tgz",
            "integrity": "sha1-gjMVTGzZ/YdgrQ9aVj9TndOR8vk=",
            "requires": {
                "joi": "~6.10.1",
                "jws": "^3.0.0",
                "ms": "^0.7.1",
                "xtend": "^4.0.1"
            },
            "dependencies": {
                "ms": {
                    "version": "0.7.3",
                    "resolved": "https://registry.npmjs.org/ms/-/ms-0.7.3.tgz",
                    "integrity": "sha1-cIFVpeROM/X9D8U+gdDUCpG+H/8="
                }
            }
        },
        "jwa": {
            "version": "1.4.1",
            "resolved": "https://registry.npmjs.org/jwa/-/jwa-1.4.1.tgz",
            "integrity": "sha512-qiLX/xhEEFKUAJ6FiBMbes3w9ATzyk5W7Hvzpa/SLYdxNtng+gcurvrI7TbACjIXlsJyr05/S1oUhZrc63evQA==",
            "requires": {
                "buffer-equal-constant-time": "1.0.1",
                "ecdsa-sig-formatter": "1.0.11",
                "safe-buffer": "^5.0.1"
            }
        },
        "jws": {
            "version": "3.2.2",
            "resolved": "https://registry.npmjs.org/jws/-/jws-3.2.2.tgz",
            "integrity": "sha512-YHlZCB6lMTllWDtSPHz/ZXTsi8S00usEV6v1tjq8tOUZzw7DpSDWVXjXDre6ed1w/pd495ODpHZYSdkRTsa0HA==",
            "requires": {
                "jwa": "^1.4.1",
                "safe-buffer": "^5.0.1"
            }
        },
        "keygrip": {
            "version": "1.0.3",
            "resolved": "https://registry.npmjs.org/keygrip/-/keygrip-1.0.3.tgz",
            "integrity": "sha512-/PpesirAIfaklxUzp4Yb7xBper9MwP6hNRA6BGGUFCgbJ+BM5CKBtsoxinNXkLHAr+GXS1/lSlF2rP7cv5Fl+g=="
        },
        "memory-pager": {
            "version": "1.5.0",
            "resolved": "https://registry.npmjs.org/memory-pager/-/memory-pager-1.5.0.tgz",
            "integrity": "sha512-ZS4Bp4r/Zoeq6+NLJpP+0Zzm0pR8whtGPf1XExKLJBAczGMnSi3It14OiNCStjQjM6NU1okjQGSxgEZN8eBYKg==",
            "optional": true
        },
        "moment": {
            "version": "2.24.0",
            "resolved": "https://registry.npmjs.org/moment/-/moment-2.24.0.tgz",
            "integrity": "sha512-bV7f+6l2QigeBBZSM/6yTNq4P2fNpSWj/0e7jQcy87A8e7o2nAfP/34/2ky5Vw4B9S446EtIhodAzkFCcR4dQg=="
        },
        "mongodb": {
            "version": "2.2.36",
            "resolved": "https://registry.npmjs.org/mongodb/-/mongodb-2.2.36.tgz",
            "integrity": "sha512-P2SBLQ8Z0PVx71ngoXwo12+FiSfbNfGOClAao03/bant5DgLNkOPAck5IaJcEk4gKlQhDEURzfR3xuBG1/B+IA==",
            "requires": {
                "es6-promise": "3.2.1",
                "mongodb-core": "2.1.20",
                "readable-stream": "2.2.7"
            }
        },
        "mongodb-core": {
            "version": "2.1.20",
            "resolved": "https://registry.npmjs.org/mongodb-core/-/mongodb-core-2.1.20.tgz",
            "integrity": "sha512-IN57CX5/Q1bhDq6ShAR6gIv4koFsZP7L8WOK1S0lR0pVDQaScffSMV5jxubLsmZ7J+UdqmykKw4r9hG3XQEGgQ==",
            "requires": {
                "bson": "~1.0.4",
                "require_optional": "~1.0.0"
            }
        },
        "ms": {
            "version": "2.0.0",
            "resolved": "https://registry.npmjs.org/ms/-/ms-2.0.0.tgz",
            "integrity": "sha1-VgiurfwAvmwpAd9fmGF4jeDVl8g="
        },
        "node-red-contrib-auth": {
            "version": "0.1.7",
            "resolved": "https://registry.npmjs.org/node-red-contrib-auth/-/node-red-contrib-auth-0.1.7.tgz",
            "integrity": "sha1-gYovMOk8f8aMXv4/naxGWjfKBVM=",
            "requires": {
                "chance": "^1.0.2",
                "client-sessions": "^0.7.0",
                "cookie-parser": "^1.4.1",
                "express-session": "^1.13.0",
                "jsonwebtoken": "^6.1.0",
                "passport": "^0.3.2"
            }
        },
        "node-red-contrib-mongo-client": {
            "version": "0.2.2",
            "resolved": "https://registry.npmjs.org/node-red-contrib-mongo-client/-/node-red-contrib-mongo-client-0.2.2.tgz",
            "integrity": "sha512-vGQqM+3LZ3mOj6nEc1TbROYWdJwYfVORYs3o2dajuDsRc7YpWhpUFDUQh++6rbg7SkNKcNMe37im1Lobdg+T0A==",
            "requires": {
                "mongodb": "^3.2.7"
            },
            "dependencies": {
                "bson": {
                    "version": "1.1.3",
                    "resolved": "https://registry.npmjs.org/bson/-/bson-1.1.3.tgz",
                    "integrity": "sha512-TdiJxMVnodVS7r0BdL42y/pqC9cL2iKynVwA0Ho3qbsQYr428veL3l7BQyuqiw+Q5SqqoT0m4srSY/BlZ9AxXg=="
                },
                "mongodb": {
                    "version": "3.3.4",
                    "resolved": "https://registry.npmjs.org/mongodb/-/mongodb-3.3.4.tgz",
                    "integrity": "sha512-6fmHu3FJTpeZxacJcfjUGIP3BSteG0l2cxLkSrf1nnnS1OrlnVGiP9P/wAC4aB6dM6H4vQ2io8YDjkuPkje7AA==",
                    "requires": {
                        "bson": "^1.1.1",
                        "require_optional": "^1.0.1",
                        "safe-buffer": "^5.1.2",
                        "saslprep": "^1.0.0"
                    }
                }
            }
        },
        "node-red-contrib-mongodb": {
            "version": "0.3.4",
            "resolved": "https://registry.npmjs.org/node-red-contrib-mongodb/-/node-red-contrib-mongodb-0.3.4.tgz",
            "integrity": "sha512-df7D7zaX9h1hWXe3hfqvZi11+c5i5/iFCxFepFUD5WncaLsfLFm4fRqWOlpirAGoREqwrktGBQpEObFGOoAhEw==",
            "requires": {
                "mongodb": "^2.2.34"
            }
        },
        "node-red-contrib-mongodb2": {
            "version": "0.5.6",
            "resolved": "https://registry.npmjs.org/node-red-contrib-mongodb2/-/node-red-contrib-mongodb2-0.5.6.tgz",
            "integrity": "sha1-Hh1eP6H3MnZ3ueYik93fBsoX4a8=",
            "requires": {
                "cfenv": "^1.0.3",
                "mongodb": "^2.1.6"
            }
        },
        "node-red-contrib-mongodb3": {
            "version": "2.0.1",
            "resolved": "https://registry.npmjs.org/node-red-contrib-mongodb3/-/node-red-contrib-mongodb3-2.0.1.tgz",
            "integrity": "sha512-eVGNENdhi/R94Nov2w0VTlmROdJTM0UsbYIVWrz5J14zplIHz55cPKAma+Z1OHm1WefKjV7SyG7Dty4j4E8Urg==",
            "requires": {
                "cfenv": "^1.0.4",
                "mongodb": "^3.0.11"
            },
            "dependencies": {
                "bson": {
                    "version": "1.1.3",
                    "resolved": "https://registry.npmjs.org/bson/-/bson-1.1.3.tgz",
                    "integrity": "sha512-TdiJxMVnodVS7r0BdL42y/pqC9cL2iKynVwA0Ho3qbsQYr428veL3l7BQyuqiw+Q5SqqoT0m4srSY/BlZ9AxXg=="
                },
                "mongodb": {
                    "version": "3.3.4",
                    "resolved": "https://registry.npmjs.org/mongodb/-/mongodb-3.3.4.tgz",
                    "integrity": "sha512-6fmHu3FJTpeZxacJcfjUGIP3BSteG0l2cxLkSrf1nnnS1OrlnVGiP9P/wAC4aB6dM6H4vQ2io8YDjkuPkje7AA==",
                    "requires": {
                        "bson": "^1.1.1",
                        "require_optional": "^1.0.1",
                        "safe-buffer": "^5.1.2",
                        "saslprep": "^1.0.0"
                    }
                }
            }
        },
        "node-red-contrib-objectid": {
            "version": "0.7.2",
            "resolved": "https://registry.npmjs.org/node-red-contrib-objectid/-/node-red-contrib-objectid-0.7.2.tgz",
            "integrity": "sha512-ObeX3JHf+kghRHAKk+ukAavDpPAYhyuLhGJQyn2vMmgBItbunfT+0HSfixsYIhI1xYyy/nsLVXTSaPx3VPK+Ug==",
            "requires": {
                "bson": "^1.0.4"
            }
        },
        "node-red-mongodb": {
            "version": "0.0.18",
            "resolved": "https://registry.npmjs.org/node-red-mongodb/-/node-red-mongodb-0.0.18.tgz",
            "integrity": "sha512-65QlSGPab4RMIltPzh950szjv4TJ7vAvasXi0il3GRE2o/dubhBCADUki6nNofY8y98SaqbPV9CL+usToH4A8A==",
            "requires": {
                "mongodb": "^2.2.11"
            }
        },
        "node-red-node-mongodb": {
            "version": "0.0.14",
            "resolved": "https://registry.npmjs.org/node-red-node-mongodb/-/node-red-node-mongodb-0.0.14.tgz",
            "integrity": "sha512-hlXhi7+BuQVamJ/y3qxvoGWGReivRtkgPmZy0UEO0gkWAzgjI2OplMfXAYKA0viqQS2Qd4DlPFpap3a4nS9M5w==",
            "requires": {
                "mongodb": "^2.2.34"
            }
        },
        "on-headers": {
            "version": "1.0.2",
            "resolved": "https://registry.npmjs.org/on-headers/-/on-headers-1.0.2.tgz",
            "integrity": "sha512-pZAE+FJLoyITytdqK0U5s+FIpjN0JP3OzFi/u8Rx+EV5/W+JTWGXG8xFzevE7AjBfDqHv/8vL8qQsIhHnqRkrA=="
        },
        "parseurl": {
            "version": "1.3.3",
            "resolved": "https://registry.npmjs.org/parseurl/-/parseurl-1.3.3.tgz",
            "integrity": "sha512-CiyeOxFT/JZyN5m0z9PfXw4SCBJ6Sygz1Dpl0wqjlhDEGGBP1GnsUVEL0p63hoG1fcj3fHynXi9NYO4nWOL+qQ=="
        },
        "passport": {
            "version": "0.3.2",
            "resolved": "https://registry.npmjs.org/passport/-/passport-0.3.2.tgz",
            "integrity": "sha1-ndAJ+RXo/glbASSgG4+C2gdRAQI=",
            "requires": {
                "passport-strategy": "1.x.x",
                "pause": "0.0.1"
            }
        },
        "passport-strategy": {
            "version": "1.0.0",
            "resolved": "https://registry.npmjs.org/passport-strategy/-/passport-strategy-1.0.0.tgz",
            "integrity": "sha1-tVOaqPwiWj0a0XlHbd8ja0QPUuQ="
        },
        "pause": {
            "version": "0.0.1",
            "resolved": "https://registry.npmjs.org/pause/-/pause-0.0.1.tgz",
            "integrity": "sha1-HUCLP9t2kjuVQ9lvtMnf1TXZy10="
        },
        "ports": {
            "version": "1.1.0",
            "resolved": "https://registry.npmjs.org/ports/-/ports-1.1.0.tgz",
            "integrity": "sha1-twGqKF6V2ujJbNonUhdySh9/bGA="
        },
        "process-nextick-args": {
            "version": "1.0.7",
            "resolved": "https://registry.npmjs.org/process-nextick-args/-/process-nextick-args-1.0.7.tgz",
            "integrity": "sha1-FQ4gt1ZZCtP5EJPyWk8q2L/zC6M="
        },
        "random-bytes": {
            "version": "1.0.0",
            "resolved": "https://registry.npmjs.org/random-bytes/-/random-bytes-1.0.0.tgz",
            "integrity": "sha1-T2ih3Arli9P7lYSMMDJNt11kNgs="
        },
        "readable-stream": {
            "version": "2.2.7",
            "resolved": "https://registry.npmjs.org/readable-stream/-/readable-stream-2.2.7.tgz",
            "integrity": "sha1-BwV6y+JGeyIELTb5jFrVBwVOlbE=",
            "requires": {
                "buffer-shims": "~1.0.0",
                "core-util-is": "~1.0.0",
                "inherits": "~2.0.1",
                "isarray": "~1.0.0",
                "process-nextick-args": "~1.0.6",
                "string_decoder": "~1.0.0",
                "util-deprecate": "~1.0.1"
            }
        },
        "require_optional": {
            "version": "1.0.1",
            "resolved": "https://registry.npmjs.org/require_optional/-/require_optional-1.0.1.tgz",
            "integrity": "sha512-qhM/y57enGWHAe3v/NcwML6a3/vfESLe/sGM2dII+gEO0BpKRUkWZow/tyloNqJyN6kXSl3RyyM8Ll5D/sJP8g==",
            "requires": {
                "resolve-from": "^2.0.0",
                "semver": "^5.1.0"
            }
        },
        "resolve-from": {
            "version": "2.0.0",
            "resolved": "https://registry.npmjs.org/resolve-from/-/resolve-from-2.0.0.tgz",
            "integrity": "sha1-lICrIOlP+h2egKgEx+oUdhGWa1c="
        },
        "safe-buffer": {
            "version": "5.1.2",
            "resolved": "https://registry.npmjs.org/safe-buffer/-/safe-buffer-5.1.2.tgz",
            "integrity": "sha512-Gd2UZBJDkXlY7GbJxfsE8/nvKkUEU1G38c1siN6QP6a9PT9MmHB8GnpscSmMJSoF8LOIrt8ud/wPtojys4G6+g=="
        },
        "saslprep": {
            "version": "1.0.3",
            "resolved": "https://registry.npmjs.org/saslprep/-/saslprep-1.0.3.tgz",
            "integrity": "sha512-/MY/PEMbk2SuY5sScONwhUDsV2p77Znkb/q3nSVstq/yQzYJOH/Azh29p9oJLsl3LnQwSvZDKagDGBsBwSooag==",
            "optional": true,
            "requires": {
                "sparse-bitfield": "^3.0.3"
            }
        },
        "semver": {
            "version": "5.7.1",
            "resolved": "https://registry.npmjs.org/semver/-/semver-5.7.1.tgz",
            "integrity": "sha512-sauaDf/PZdVgrLTNYHRtpXa1iRiKcaebiKQ1BJdpQlWH2lCvexQdX55snPFyK7QzpudqbCI0qXFfOasHdyNDGQ=="
        },
        "sparse-bitfield": {
            "version": "3.0.3",
            "resolved": "https://registry.npmjs.org/sparse-bitfield/-/sparse-bitfield-3.0.3.tgz",
            "integrity": "sha1-/0rm5oZWBWuks+eSqzM004JzyhE=",
            "optional": true,
            "requires": {
                "memory-pager": "^1.0.2"
            }
        },
        "sprintf-js": {
            "version": "1.0.3",
            "resolved": "https://registry.npmjs.org/sprintf-js/-/sprintf-js-1.0.3.tgz",
            "integrity": "sha1-BOaSb2YolTVPPdAVIDYzuFcpfiw="
        },
        "string_decoder": {
            "version": "1.0.3",
            "resolved": "https://registry.npmjs.org/string_decoder/-/string_decoder-1.0.3.tgz",
            "integrity": "sha512-4AH6Z5fzNNBcH+6XDMfA/BTt87skxqJlO0lAh3Dker5zThcAxG6mKz+iGu308UKoPPQ8Dcqx/4JhujzltRa+hQ==",
            "requires": {
                "safe-buffer": "~5.1.0"
            }
        },
        "topo": {
            "version": "1.1.0",
            "resolved": "https://registry.npmjs.org/topo/-/topo-1.1.0.tgz",
            "integrity": "sha1-6ddRYV0buH3IZdsYL6HKCl71NtU=",
            "requires": {
                "hoek": "2.x.x"
            }
        },
        "uid-safe": {
            "version": "2.1.5",
            "resolved": "https://registry.npmjs.org/uid-safe/-/uid-safe-2.1.5.tgz",
            "integrity": "sha512-KPHm4VL5dDXKz01UuEd88Df+KzynaohSL9fBh096KWAxSKZQDI2uBrVqtvRM4rwrIrRRKsdLNML/lnaaVSRioA==",
            "requires": {
                "random-bytes": "~1.0.0"
            }
        },
        "underscore": {
            "version": "1.9.1",
            "resolved": "https://registry.npmjs.org/underscore/-/underscore-1.9.1.tgz",
            "integrity": "sha512-5/4etnCkd9c8gwgowi5/om/mYO5ajCaOgdzj/oW+0eQV9WxKBDZw5+ycmKmeaTXjInS/W0BzpGLo2xR2aBwZdg=="
        },
        "util-deprecate": {
            "version": "1.0.2",
            "resolved": "https://registry.npmjs.org/util-deprecate/-/util-deprecate-1.0.2.tgz",
            "integrity": "sha1-RQ1Nyfpw3nMnYvvS1KKJgUGaDM8="
        },
        "xtend": {
            "version": "4.0.2",
            "resolved": "https://registry.npmjs.org/xtend/-/xtend-4.0.2.tgz",
            "integrity": "sha512-LKYU1iAXJXUgAXn9URjiu+MWhyUXHsvfp7mcuYm9dSUKK0/CjtrUwFAxD82/mCWbtLsGjFIad0wIsod4zrTAEQ=="
        }
    }
}
